2
git https://github.com/Hejsil/zig-clap commit-e47028deaefc2fb396d3d9e9f7bd776ae0b2a43a
git https://github.com/kivikakk/libpcre.zig commit-00b62bc8bea7da75ba61f56555ea6cbaf0dc4e26
git https://github.com/nektro/pcre-8.45 commit-cd69966b46e641ba0847fdbab8b0d7c6d94d9594
git https://github.com/nektro/zig-icu commit-5c044fceca5cfaec37c08d0b58d5e13650f346d4
git https://github.com/nektro/zig-unicode-ucd commit-ceb64573489955f0fea6df00439c94c7bb715cbc
git https://github.com/kivikakk/htmlentities.zig commit-9cc3600c53ae60565d839eaf93d5c519c21e27cc
